// !$*UTF8*$!
{
	archiveVersion = 1;
	classes = {
	};
	objectVersion = 50;
	objects = {

/* Begin PBXBuildFile section */
		71A55C30EF116ACB2E09E6D1 /* Pods_Alamofire_Codeble_demo2.framework in Frameworks */ = {isa = PBXBuildFile; fileRef = 96D3C64BC8DA2B10A2B5A95B /* Pods_Alamofire_Codeble_demo2.framework */; };
		C6EDFB0D2137D60C00862559 /* AppDelegate.swift in Sources */ = {isa = PBXBuildFile; fileRef = C6EDFB0C2137D60C00862559 /* AppDelegate.swift */; };
		C6EDFB0F2137D60C00862559 /* ViewController.swift in Sources */ = {isa = PBXBuildFile; fileRef = C6EDFB0E2137D60C00862559 /* ViewController.swift */; };
		C6EDFB122137D60C00862559 /* Main.storyboard in Resources */ = {isa = PBXBuildFile; fileRef = C6EDFB102137D60C00862559 /* Main.storyboard */; };
		C6EDFB142137D60D00862559 /* Assets.xcassets in Resources */ = {isa = PBXBuildFile; fileRef = C6EDFB132137D60D00862559 /* Assets.xcassets */; };
		C6EDFB172137D60D00862559 /* LaunchScreen.storyboard in Resources */ = {isa = PBXBuildFile; fileRef = C6EDFB152137D60D00862559 /* LaunchScreen.storyboard */; };
		C6EDFB1F2137D6EE00862559 /* Model.swift in Sources */ = {isa = PBXBuildFile; fileRef = C6EDFB1E2137D6EE00862559 /* Model.swift */; };
/* End PBXBuildFile section */

/* Begin PBXFileReference section */
		08EC761449800F86C96779B8 /* Pods-Alamofire+Codeble_demo2.debug.xcconfig */ = {isa = PBXFileReference; includeInIndex = 1; lastKnownFileType = text.xcconfig; name = "Pods-Alamofire+Codeble_demo2.debug.xcconfig"; path = "Pods/Target Support Files/Pods-Alamofire+Codeble_demo2/Pods-Alamofire+Codeble_demo2.debug.xcconfig"; sourceTree = "<group>"; };
		96D3C64BC8DA2B10A2B5A95B /* Pods_Alamofire_Codeble_demo2.framework */ = {isa = PBXFileReference; explicitFileType = wrapper.framework; includeInIndex = 0; path = Pods_Alamofire_Codeble_demo2.framework; sourceTree = BUILT_PRODUCTS_DIR; };
		C3180AEE528E720A2BB400A3 /* Pods-Alamofire+Codeble_demo2.release.xcconfig */ = {isa = PBXFileReference; includeInIndex = 1; lastKnownFileType = text.xcconfig; name = "Pods-Alamofire+Codeble_demo2.release.xcconfig"; path = "Pods/Target Support Files/Pods-Alamofire+Codeble_demo2/Pods-Alamofire+Codeble_demo2.release.xcconfig"; sourceTree = "<group>"; };
		C6EDFB092137D60C00862559 /* Alamofire+Codeble_demo2.app */ = {isa = PBXFileReference; explicitFileType = wrapper.application; includeInIndex = 0; path = "Alamofire+Codeble_demo2.app"; sourceTree = BUILT_PRODUCTS_DIR; };
		C6EDFB0C2137D60C00862559 /* AppDelegate.swift */ = {isa = PBXFileReference; lastKnownFileType = sourcecode.swift; path = AppDelegate.swift; sourceTree = "<group>"; };
		C6EDFB0E2137D60C00862559 /* ViewController.swift */ = {isa = PBXFileReference; lastKnownFileType = sourcecode.swift; path = ViewController.swift; sourceTree = "<group>"; };
		C6EDFB112137D60C00862559 /* Base */ = {isa = PBXFileReference; lastKnownFileType = file.storyboard; name = Base; path = Base.lproj/Main.storyboard; sourceTree = "<group>"; };
		C6EDFB132137D60D00862559 /* Assets.xcassets */ = {isa = PBXFileReference; lastKnownFileType = folder.assetcatalog; path = Assets.xcassets; sourceTree = "<group>"; };
		C6EDFB162137D60D00862559 /* Base */ = {isa = PBXFileReference; lastKnownFileType = file.storyboard; name = Base; path = Base.lproj/LaunchScreen.storyboard; sourceTree = "<group>"; };
		C6EDFB182137D60D00862559 /* Info.plist */ = {isa = PBXFileReference; lastKnownFileType = text.plist.xml; path = Info.plist; sourceTree = "<group>"; };
		C6EDFB1E2137D6EE00862559 /* Model.swift */ = {isa = PBXFileReference; lastKnownFileType = sourcecode.swift; path = Model.swift; sourceTree = "<group>"; };
/* End PBXFileReference section */

/* Begin PBXFrameworksBuildPhase section */
		C6EDFB062137D60C00862559 /* Frameworks */ = {
			isa = PBXFrameworksBuildPhase;
			buildActionMask = 2147483647;
			files = (
				71A55C30EF116ACB2E09E6D1 /* Pods_Alamofire_Codeble_demo2.framework in Frameworks */,
			);
			runOnlyForDeploymentPostprocessing = 0;
		};
/* End PBXFrameworksBuildPhase section */

/* Begin PBXGroup section */
		017F313F3DEE9F27FAF0DD0D /* Frameworks */ = {
			isa = PBXGroup;
			children = (
				96D3C64BC8DA2B10A2B5A95B /* Pods_Alamofire_Codeble_demo2.framework */,
			);
			name = Frameworks;
			sourceTree = "<group>";
		};
		330BE21C66B623FDC5F76AE4 /* Pods */ = {
			isa = PBXGroup;
			children = (
				08EC761449800F86C96779B8 /* Pods-Alamofire+Codeble_demo2.debug.xcconfig */,
				C3180AEE528E720A2BB400A3 /* Pods-Alamofire+Codeble_demo2.release.xcconfig */,
			);
			name = Pods;
			sourceTree = "<group>";
		};
		C6EDFB002137D60C00862559 = {
			isa = PBXGroup;
			children = (
				C6EDFB0B2137D60C00862559 /* Alamofire+Codeble_demo2 */,
				C6EDFB0A2137D60C00862559 /* Products */,
				330BE21C66B623FDC5F76AE4 /* Pods */,
				017F313F3DEE9F27FAF0DD0D /* Frameworks */,
			);
			sourceTree = "<group>";
		};
		C6EDFB0A2137D60C00862559 /* Products */ = {
			isa = PBXGroup;
			children = (
				C6EDFB092137D60C00862559 /* Alamofire+Codeble_demo2.app */,
			);
			name = Products;
			sourceTree = "<group>";
		};
		C6EDFB0B2137D60C00862559 /* Alamofire+Codeble_demo2 */ = {
			isa = PBXGroup;
			children = (
				C6EDFB0C2137D60C00862559 /* AppDelegate.swift */,
				C6EDFB0E2137D60C00862559 /* ViewController.swift */,
				C6EDFB1E2137D6EE00862559 /* Model.swift */,
				C6EDFB102137D60C00862559 /* Main.storyboard */,
				C6EDFB132137D60D00862559 /* Assets.xcassets */,
				C6EDFB152137D60D00862559 /* LaunchScreen.storyboard */,
				C6EDFB182137D60D00862559 /* Info.plist */,
			);
			path = "Alamofire+Codeble_demo2";
			sourceTree = "<group>";
		};
/* End PBXGroup section */

/* Begin PBXNativeTarget section */
		C6EDFB082137D60C00862559 /* Alamofire+Codeble_demo2 */ = {
			isa = PBXNativeTarget;
			buildConfigurationList = C6EDFB1B2137D60D00862559 /* Build configuration list for PBXNativeTarget "Alamofire+Codeble_demo2" */;
			buildPhases = (
				683200D7343550996C74231E /* [CP] Check Pods Manifest.lock */,
				C6EDFB052137D60C00862559 /* Sources */,
				C6EDFB062137D60C00862559 /* Frameworks */,
				C6EDFB072137D60C00862559 /* Resources */,
				5F7673B00733535CE6B35095 /* [CP] Embed Pods Frameworks */,
			);
			buildRules = (
			);
			dependencies = (
			);
			name = "Alamofire+Codeble_demo2";
			productName = "Alamofire+Codeble_demo2";
			productReference = C6EDFB092137D60C00862559 /* Alamofire+Codeble_demo2.app */;
			productType = "com.apple.product-type.application";
		};
/* End PBXNativeTarget section */

/* Begin PBXProject section */
		C6EDFB012137D60C00862559 /* Project object */ = {
			isa = PBXProject;
			attributes = {
				LastSwiftUpdateCheck = 0930;
				LastUpgradeCheck = 0930;
				ORGANIZATIONNAME = takuyaOhmuro;
				TargetAttributes = {
					C6EDFB082137D60C00862559 = {
						CreatedOnToolsVersion = 9.3;
					};
				};
			};
			buildConfigurationList = C6EDFB042137D60C00862559 /* Build configuration list for PBXProject "Alamofire+Codeble_demo2" */;
			compatibilityVersion = "Xcode 9.3";
			developmentRegion = en;
			hasScannedForEncodings = 0;
			knownRegions = (
				en,
				Base,
			);
			mainGroup = C6EDFB002137D60C00862559;
			productRefGroup = C6EDFB0A2137D60C00862559 /* Products */;
			projectDirPath = "";
			projectRoot = "";
			targets = (
				C6EDFB082137D60C00862559 /* Alamofire+Codeble_demo2 */,
			);
		};
/* End PBXProject section */

/* Begin PBXResourcesBuildPhase section */
		C6EDFB072137D60C00862559 /* Resources */ = {
			isa = PBXResourcesBuildPhase;
			buildActionMask = 2147483647;
			files = (
				C6EDFB172137D60D00862559 /* LaunchScreen.storyboard in Resources */,
				C6EDFB142137D60D00862559 /* Assets.xcassets in Resources */,
				C6EDFB122137D60C00862559 /* Main.storyboard in Resources */,
			);
			runOnlyForDeploymentPostprocessing = 0;
		};
/* End PBXResourcesBuildPhase section */

/* Begin PBXShellScriptBuildPhase section */
		5F7673B00733535CE6B35095 /* [CP] Embed Pods Frameworks */ = {
			isa = PBXShellScriptBuildPhase;
			buildActionMask = 2147483647;
			files = (
			);
			inputPaths = (
				"${SRCROOT}/Pods/Target Support Files/Pods-Alamofire+Codeble_demo2/Pods-Alamofire+Codeble_demo2-frameworks.sh",
				"${BUILT_PRODUCTS_DIR}/Alamofire/Alamofire.framework",
			);
			name = "[CP] Embed Pods Frameworks";
			outputPaths = (
				"${TARGET_BUILD_DIR}/${FRAMEWORKS_FOLDER_PATH}/Alamofire.framework",
			);
			runOnlyForDeploymentPostprocessing = 0;
			shellPath = /bin/sh;
			shellScript = "\"${SRCROOT}/Pods/Target Support Files/Pods-Alamofire+Codeble_demo2/Pods-Alamofire+Codeble_demo2-frameworks.sh\"\n";
			showEnvVarsInLog = 0;
		};
		683200D7343550996C74231E /* [CP] Check Pods Manifest.lock */ = {
			isa = PBXShellScriptBuildPhase;
			buildActionMask = 2147483647;
			files = (
			);
			inputPaths = (
				"${PODS_PODFILE_DIR_PATH}/Podfile.lock",
				"${PODS_ROOT}/Manifest.lock",
			);
			name = "[CP] Check Pods Manifest.lock";
			outputPaths = (
				"$(DERIVED_FILE_DIR)/Pods-Alamofire+Codeble_demo2-checkManifestLockResult.txt",
			);
			runOnlyForDeploymentPostprocessing = 0;
			shellPath = /bin/sh;
			shellScript = "diff \"${PODS_PODFILE_DIR_PATH}/Podfile.lock\" \"${PODS_ROOT}/Manifest.lock\" > /dev/null\nif [ $? != 0 ] ; then\n    # print error to STDERR\n    echo \"error: The sandbox is not in sync with the Podfile.lock. Run 'pod install' or update your CocoaPods installation.\" >&2\n    exit 1\nfi\n# This output is used by Xcode 'outputs' to avoid re-running this script phase.\necho \"SUCCESS\" > \"${SCRIPT_OUTPUT_FILE_0}\"\n";
			showEnvVarsInLog = 0;
		};
/* End PBXShellScriptBuildPhase section */

/* Begin PBXSourcesBuildPhase section */
		C6EDFB052137D60C00862559 /* Sources */ = {
			isa = PBXSourcesBuildPhase;
			buildActionMask = 2147483647;
			files = (
				C6EDFB1F2137D6EE00862559 /* Model.swift in Sources */,
				C6EDFB0F2137D60C00862559 /* ViewController.swift in Sources */,
				C6EDFB0D2137D60C00862559 /* AppDelegate.swift in Sources */,
			);
			runOnlyForDeploymentPostprocessing = 0;
		};
/* End PBXSourcesBuildPhase section */

/* Begin PBXVariantGroup section */
		C6EDFB102137D60C00862559 /* Main.storyboard */ = {
			isa = PBXVariantGroup;
			children = (
				C6EDFB112137D60C00862559 /* Base */,
			);
			name = Main.storyboard;
			sourceTree = "<group>";
		};
		C6EDFB152137D60D00862559 /* LaunchScreen.storyboard */ = {
			isa = PBXVariantGroup;
			children = (
				C6EDFB162137D60D00862559 /* Base */,
			);
			name = LaunchScreen.storyboard;
			sourceTree = "<group>";
		};
/* End PBXVariantGroup section */

/* Begin XCBuildConfiguration section */
		C6EDFB192137D60D00862559 /* Debug */ = {
			isa = XCBuildConfiguration;
			buildSettings = {
				ALWAYS_SEARCH_USER_PATHS = NO;
				CLANG_ANALYZER_NONNULL = YES;
				CLANG_ANALYZER_NUMBER_OBJECT_CONVERSION = YES_AGGRESSIVE;
				CLANG_CXX_LANGUAGE_STANDARD = "gnu++14";
				CLANG_CXX_LIBRARY = "libc++";
				CLANG_ENABLE_MODULES = YES;
				CLANG_ENABLE_OBJC_ARC = YES;
				CLANG_ENABLE_OBJC_WEAK = YES;
				CLANG_WARN_BLOCK_CAPTURE_AUTORELEASING = YES;
				CLANG_WARN_BOOL_CONVERSION = YES;
				CLANG_WARN_COMMA = YES;
				CLANG_WARN_CONSTANT_CONVERSION = YES;
				CLANG_WARN_DEPRECATED_OBJC_IMPLEMENTATIONS = YES;
				CLANG_WARN_DIRECT_OBJC_ISA_USAGE = YES_ERROR;
				CLANG_WARN_DOCUMENTATION_COMMENTS = YES;
				CLANG_WARN_EMPTY_BODY = YES;
				CLANG_WARN_ENUM_CONVERSION = YES;
				CLANG_WARN_INFINITE_RECURSION = YES;
				CLANG_WARN_INT_CONVERSION = YES;
				CLANG_WARN_NON_LITERAL_NULL_CONVERSION = YES;
				CLANG_WARN_OBJC_IMPLICIT_RETAIN_SELF = YES;
				CLANG_WARN_OBJC_LITERAL_CONVERSION = YES;
				CLANG_WARN_OBJC_ROOT_CLASS = YES_ERROR;
				CLANG_WARN_RANGE_LOOP_ANALYSIS = YES;
				CLANG_WARN_STRICT_PROTOTYPES = YES;
				CLANG_WARN_SUSPICIOUS_MOVE = YES;
				CLANG_WARN_UNGUARDED_AVAILABILITY = YES_AGGRESSIVE;
				CLANG_WARN_UNREACHABLE_CODE = YES;
				CLANG_WARN__DUPLICATE_METHOD_MATCH = YES;
				CODE_SIGN_IDENTITY = "iPhone Developer";
				COPY_PHASE_STRIP = NO;
				DEBUG_INFORMATION_FORMAT = dwarf;
				ENABLE_STRICT_OBJC_MSGSEND = YES;
				ENABLE_TESTABILITY = YES;
				GCC_C_LANGUAGE_STANDARD = gnu11;
				GCC_DYNAMIC_NO_PIC = NO;
				GCC_NO_COMMON_BLOCKS = YES;
				GCC_OPTIMIZATION_LEVEL = 0;
				GCC_PREPROCESSOR_DEFINITIONS = (
					"DEBUG=1",
					"$(inherited)",
				);
				GCC_WARN_64_TO_32_BIT_CONVERSION = YES;
				GCC_WARN_ABOUT_RETURN_TYPE = YES_ERROR;
				GCC_WARN_UNDECLARED_SELECTOR = YES;
				GCC_WARN_UNINITIALIZED_AUTOS = YES_AGGRESSIVE;
				GCC_WARN_UNUSED_FUNCTION = YES;
				GCC_WARN_UNUSED_VARIABLE = YES;
				IPHONEOS_DEPLOYMENT_TARGET = 11.3;
				MTL_ENABLE_DEBUG_INFO = YES;
				ONLY_ACTIVE_ARCH = YES;
				SDKROOT = iphoneos;
				SWIFT_ACTIVE_COMPILATION_CONDITIONS = DEBUG;
				SWIFT_OPTIMIZATION_LEVEL = "-Onone";
			};
			name = Debug;
		};
		C6EDFB1A2137D60D00862559 /* Release */ = {
			isa = XCBuildConfiguration;
			buildSettings = {
				ALWAYS_SEARCH_USER_PATHS = NO;
				CLANG_ANALYZER_NONNULL = YES;
				CLANG_ANALYZER_NUMBER_OBJECT_CONVERSION = YES_AGGRESSIVE;
				CLANG_CXX_LANGUAGE_STANDARD = "gnu++14";
				CLANG_CXX_LIBRARY = "libc++";
				CLANG_ENABLE_MODULES = YES;
				CLANG_ENABLE_OBJC_ARC = YES;
				CLANG_ENABLE_OBJC_WEAK = YES;
				CLANG_WARN_BLOCK_CAPTURE_AUTORELEASING = YES;
				CLANG_WARN_BOOL_CONVERSION = YES;
				CLANG_WARN_COMMA = YES;
				CLANG_WARN_CONSTANT_CONVERSION = YES;
				CLANG_WARN_DEPRECATED_OBJC_IMPLEMENTATIONS = YES;
				CLANG_WARN_DIRECT_OBJC_ISA_USAGE = YES_ERROR;
				CLANG_WARN_DOCUMENTATION_COMMENTS = YES;
				CLANG_WARN_EMPTY_BODY = YES;
				CLANG_WARN_ENUM_CONVERSION = YES;
				CLANG_WARN_INFINITE_RECURSION = YES;
				CLANG_WARN_INT_CONVERSION = YES;
				CLANG_WARN_NON_LITERAL_NULL_CONVERSION = YES;
				CLANG_WARN_OBJC_IMPLICIT_RETAIN_SELF = YES;
				CLANG_WARN_OBJC_LITERAL_CONVERSION = YES;
				CLANG_WARN_OBJC_ROOT_CLASS = YES_ERROR;
				CLANG_WARN_RANGE_LOOP_ANALYSIS = YES;
				CLANG_WARN_STRICT_PROTOTYPES = YES;
				CLANG_WARN_SUSPICIOUS_MOVE = YES;
				CLANG_WARN_UNGUARDED_AVAILABILITY = YES_AGGRESSIVE;
				CLANG_WARN_UNREACHABLE_CODE = YES;
				CLANG_WARN__DUPLICATE_METHOD_MATCH = YES;
				CODE_SIGN_IDENTITY = "iPhone Developer";
				COPY_PHASE_STRIP = NO;
				DEBUG_INFORMATION_FORMAT = "dwarf-with-dsym";
				ENABLE_NS_ASSERTIONS = NO;
				ENABLE_STRICT_OBJC_MSGSEND = YES;
				GCC_C_LANGUAGE_STANDARD = gnu11;
				GCC_NO_COMMON_BLOCKS = YES;
				GCC_WARN_64_TO_32_BIT_CONVERSION = YES;
				GCC_WARN_ABOUT_RETURN_TYPE = YES_ERROR;
				GCC_WARN_UNDECLARED_SELECTOR = YES;
				GCC_WARN_UNINITIALIZED_AUTOS = YES_AGGRESSIVE;
				GCC_WARN_UNUSED_FUNCTION = YES;
				GCC_WARN_UNUSED_VARIABLE = YES;
				IPHONEOS_DEPLOYMENT_TARGET = 11.3;
				MTL_ENABLE_DEBUG_INFO = NO;
				SDKROOT = iphoneos;
				SWIFT_COMPILATION_MODE = wholemodule;
				SWIFT_OPTIMIZATION_LEVEL = "-O";
				VALIDATE_PRODUCT = YES;
			};
			name = Release;
		};
		C6EDFB1C2137D60D00862559 /* Debug */ = {
			isa = XCBuildConfiguration;
			baseConfigurationReference = 08EC761449800F86C96779B8 /* Pods-Alamofire+Codeble_demo2.debug.xcconfig */;
			buildSettings = {
				ASSETCATALOG_COMPILER_APPICON_NAME = AppIcon;
				CODE_SIGN_STYLE = Automatic;
				INFOPLIST_FILE = "Alamofire+Codeble_demo2/Info.plist";
				LD_RUNPATH_SEARCH_PATHS = (
					"$(inherited)",
					"@executable_path/Frameworks",
				);
				PRODUCT_BUNDLE_IDENTIFIER = "com.Instagram.Alamofire-Codeble-demo2";
				PRODUCT_NAME = "$(TARGET_NAME)";
				SWIFT_VERSION = 4.0;
				TARGETED_DEVICE_FAMILY = "1,2";
			};
			name = Debug;
		};
		C6EDFB1D2137D60D00862559 /* Release */ = {
			isa = XCBuildConfiguration;
			baseConfigurationReference = C3180AEE528E720A2BB400A3 /* Pods-Alamofire+Codeble_demo2.release.xcconfig */;
			buildSettings = {
				ASSETCATALOG_COMPILER_APPICON_NAME = AppIcon;
				CODE_SIGN_STYLE = Automatic;
				INFOPLIST_FILE = "Alamofire+Codeble_demo2/Info.plist";
				LD_RUNPATH_SEARCH_PATHS = (
					"$(inherited)",
					"@executable_path/Frameworks",
				);
				PRODUCT_BUNDLE_IDENTIFIER = "com.Instagram.Alamofire-Codeble-demo2";
				PRODUCT_NAME = "$(TARGET_NAME)";
				SWIFT_VERSION = 4.0;
				TARGETED_DEVICE_FAMILY = "1,2";
			};
			name = Release;
		};
/* End XCBuildConfiguration section */

/* Begin XCConfigurationList section */
		C6EDFB042137D60C00862559 /* Build configuration list for PBXProject "Alamofire+Codeble_demo2" */ = {
			isa = XCConfigurationList;
			buildConfigurations = (
				C6EDFB192137D60D00862559 /* Debug */,
				C6EDFB1A2137D60D00862559 /* Release */,
			);
			defaultConfigurationIsVisible = 0;
			defaultConfigurationName = Release;
		};
		C6EDFB1B2137D60D00862559 /* Build configuration list for PBXNativeTarget "Alamofire+Codeble_demo2" */ = {
			isa = XCConfigurationList;
			buildConfigurations = (
				C6EDFB1C2137D60D00862559 /* Debug */,
				C6EDFB1D2137D60D00862559 /* Release */,
			);
			defaultConfigurationIsVisible = 0;
			defaultConfigurationName = Release;
		};
/* End XCConfigurationList section */
	};
	rootObject = C6EDFB012137D60C00862559 /* Project object */;
}
